
Microsoft Visual Studio Solution File, Format Version 12.00
# Visual Studio Version 16
VisualStudioVersion = 16.0.29613.14
MinimumVisualStudioVersion = 10.0.40219.1
Project("{FAE04EC0-301F-11D3-BF4B-00C04F79EFBC}") = "GeometricApp", "GeometricApp\GeometricApp.csproj", "{2E19B746-8F33-453E-BF87-D190E9C95803}"
EndProject
Project("{FAE04EC0-301F-11D3-BF4B-00C04F79EFBC}") = "GeometricFigureHandler", "GeometricFigureHandler\GeometricFigureHandler.csproj", "{B7B458B0-F615-4D04-8551-4F18A39585F2}"
EndProject
Global
	GlobalSection(SolutionConfigurationPlatforms) = preSolution
		Debug|Any CPU = Debug|Any CPU
		Release|Any CPU = Release|Any CPU
	EndGlobalSection
	GlobalSection(ProjectConfigurationPlatforms) = postSolution
		{2E19B746-8F33-453E-BF87-D190E9C95803}.Debug|Any CPU.ActiveCfg = Debug|Any CPU
		{2E19B746-8F33-453E-BF87-D190E9C95803}.Debug|Any CPU.Build.0 = Debug|Any CPU
		{2E19B746-8F33-453E-BF87-D190E9C95803}.Release|Any CPU.ActiveCfg = Release|Any CPU
		{2E19B746-8F33-453E-BF87-D190E9C95803}.Release|Any CPU.Build.0 = Release|Any CPU
		{B7B458B0-F615-4D04-8551-4F18A39585F2}.Debug|Any CPU.ActiveCfg = Debug|Any CPU
		{B7B458B0-F615-4D04-8551-4F18A39585F2}.Debug|Any CPU.Build.0 = Debug|Any CPU
		{B7B458B0-F615-4D04-8551-4F18A39585F2}.Release|Any CPU.ActiveCfg = Release|Any CPU
		{B7B458B0-F615-4D04-8551-4F18A39585F2}.Release|Any CPU.Build.0 = Release|Any CPU
	EndGlobalSection
	GlobalSection(SolutionProperties) = preSolution
		HideSolutionNode = FALSE
	EndGlobalSection
	GlobalSection(ExtensibilityGlobals) = postSolution
		SolutionGuid = {BE15A1E1-0882-4662-90E7-B74813290FD8}
	EndGlobalSection
EndGlobal
